
Microsoft Visual Studio Solution File, Format Version 12.00
# Visual Studio Version 16
VisualStudioVersion = 16.0.31911.196
MinimumVisualStudioVersion = 10.0.40219.1
Project("{8BC9CEB8-8B4A-11D0-8D11-00A0C91BC942}") = "XEngine_ServiceApp", "XEngine_ServiceApp\XEngine_ServiceApp.vcxproj", "{B94018F9-541B-4BE4-A2A8-AD49DD35357B}"
EndProject
Project("{8BC9CEB8-8B4A-11D0-8D11-00A0C91BC942}") = "XEngine_ModuleConfigure", "XEngine_ModuleConfigure\XEngine_ModuleConfigure.vcxproj", "{F54F152C-594F-4465-A44E-2DB915B39760}"
EndProject
Project("{2150E333-8FDC-42A3-9474-1A3956D46DE8}") = "XEngine_UserHdr", "XEngine_UserHdr", "{9E4F2158-9AC1-4C19-A3F7-375A9DBCF856}"
	ProjectSection(SolutionItems) = preProject
		XEngine_UserProtocol.h = XEngine_UserProtocol.h
	EndProjectSection
EndProject
Global
	GlobalSection(SolutionConfigurationPlatforms) = preSolution
		Debug|x64 = Debug|x64
		Debug|x86 = Debug|x86
		Release|x64 = Release|x64
		Release|x86 = Release|x86
	EndGlobalSection
	GlobalSection(ProjectConfigurationPlatforms) = postSolution
		{B94018F9-541B-4BE4-A2A8-AD49DD35357B}.Debug|x64.ActiveCfg = Debug|x64
		{B94018F9-541B-4BE4-A2A8-AD49DD35357B}.Debug|x64.Build.0 = Debug|x64
		{B94018F9-541B-4BE4-A2A8-AD49DD35357B}.Debug|x86.ActiveCfg = Debug|Win32
		{B94018F9-541B-4BE4-A2A8-AD49DD35357B}.Debug|x86.Build.0 = Debug|Win32
		{B94018F9-541B-4BE4-A2A8-AD49DD35357B}.Release|x64.ActiveCfg = Release|x64
		{B94018F9-541B-4BE4-A2A8-AD49DD35357B}.Release|x64.Build.0 = Release|x64
		{B94018F9-541B-4BE4-A2A8-AD49DD35357B}.Release|x86.ActiveCfg = Release|Win32
		{B94018F9-541B-4BE4-A2A8-AD49DD35357B}.Release|x86.Build.0 = Release|Win32
		{F54F152C-594F-4465-A44E-2DB915B39760}.Debug|x64.ActiveCfg = Debug|x64
		{F54F152C-594F-4465-A44E-2DB915B39760}.Debug|x64.Build.0 = Debug|x64
		{F54F152C-594F-4465-A44E-2DB915B39760}.Debug|x86.ActiveCfg = Debug|Win32
		{F54F152C-594F-4465-A44E-2DB915B39760}.Debug|x86.Build.0 = Debug|Win32
		{F54F152C-594F-4465-A44E-2DB915B39760}.Release|x64.ActiveCfg = Release|x64
		{F54F152C-594F-4465-A44E-2DB915B39760}.Release|x64.Build.0 = Release|x64
		{F54F152C-594F-4465-A44E-2DB915B39760}.Release|x86.ActiveCfg = Release|Win32
		{F54F152C-594F-4465-A44E-2DB915B39760}.Release|x86.Build.0 = Release|Win32
	EndGlobalSection
	GlobalSection(SolutionProperties) = preSolution
		HideSolutionNode = FALSE
	EndGlobalSection
	GlobalSection(ExtensibilityGlobals) = postSolution
		SolutionGuid = {9B202F91-A601-429E-BB0F-880DDEE096FE}
	EndGlobalSection
EndGlobal
